
Microsoft Visual Studio Solution File, Format Version 12.00
# Visual Studio Version 17
VisualStudioVersion = 17.0.32112.339
MinimumVisualStudioVersion = 10.0.40219.1
Project("{9A19103F-16F7-4668-BE54-9A1E7A4F7556}") = "holidayresort", "holidayresort.csproj", "{15601BC5-707E-4D16-B237-55E5428B3566}"
EndProject
Project("{9A19103F-16F7-4668-BE54-9A1E7A4F7556}") = "Model", "..\Model\Model.csproj", "{06632EAA-FB68-42C7-9FCB-2B57FA8C7AF0}"
EndProject
Project("{9A19103F-16F7-4668-BE54-9A1E7A4F7556}") = "Service", "..\Service\Service.csproj", "{2FBB21FE-0F03-4652-94DA-BB71D38323EB}"
EndProject
Global
	GlobalSection(SolutionConfigurationPlatforms) = preSolution
		Debug|Any CPU = Debug|Any CPU
		Release|Any CPU = Release|Any CPU
	EndGlobalSection
	GlobalSection(ProjectConfigurationPlatforms) = postSolution
		{15601BC5-707E-4D16-B237-55E5428B3566}.Debug|Any CPU.ActiveCfg = Debug|Any CPU
		{15601BC5-707E-4D16-B237-55E5428B3566}.Debug|Any CPU.Build.0 = Debug|Any CPU
		{15601BC5-707E-4D16-B237-55E5428B3566}.Release|Any CPU.ActiveCfg = Release|Any CPU
		{15601BC5-707E-4D16-B237-55E5428B3566}.Release|Any CPU.Build.0 = Release|Any CPU
		{06632EAA-FB68-42C7-9FCB-2B57FA8C7AF0}.Debug|Any CPU.ActiveCfg = Debug|Any CPU
		{06632EAA-FB68-42C7-9FCB-2B57FA8C7AF0}.Debug|Any CPU.Build.0 = Debug|Any CPU
		{06632EAA-FB68-42C7-9FCB-2B57FA8C7AF0}.Release|Any CPU.ActiveCfg = Release|Any CPU
		{06632EAA-FB68-42C7-9FCB-2B57FA8C7AF0}.Release|Any CPU.Build.0 = Release|Any CPU
		{2FBB21FE-0F03-4652-94DA-BB71D38323EB}.Debug|Any CPU.ActiveCfg = Debug|Any CPU
		{2FBB21FE-0F03-4652-94DA-BB71D38323EB}.Debug|Any CPU.Build.0 = Debug|Any CPU
		{2FBB21FE-0F03-4652-94DA-BB71D38323EB}.Release|Any CPU.ActiveCfg = Release|Any CPU
		{2FBB21FE-0F03-4652-94DA-BB71D38323EB}.Release|Any CPU.Build.0 = Release|Any CPU
	EndGlobalSection
	GlobalSection(SolutionProperties) = preSolution
		HideSolutionNode = FALSE
	EndGlobalSection
	GlobalSection(ExtensibilityGlobals) = postSolution
		SolutionGuid = {0D250DBA-4347-4E98-BB2E-2E678BCA2795}
	EndGlobalSection
EndGlobal
